
Microsoft Visual Studio Solution File, Format Version 12.00
# Visual Studio Version 16
VisualStudioVersion = 16.0.30330.147
MinimumVisualStudioVersion = 10.0.40219.1
Project("{9A19103F-16F7-4668-BE54-9A1E7A4F7556}") = "OnSale.Common", "OnSale.Common\OnSale.Common.csproj", "{E294B492-EC8D-4A04-A3A4-46109A82D7B6}"
EndProject
Project("{2150E333-8FDC-42A3-9474-1A3956D46DE8}") = "src", "src", "{2E03C743-FBBA-40F2-AD34-B137014D95C8}"
EndProject
Project("{9A19103F-16F7-4668-BE54-9A1E7A4F7556}") = "OnSale.Model", "OnSale.Model\OnSale.Model.csproj", "{512FE797-D57B-422B-AE97-B77337428A3A}"
EndProject
Project("{9A19103F-16F7-4668-BE54-9A1E7A4F7556}") = "OnSale.Server", "OnSale.Server\OnSale.Server.csproj", "{97D1D4A1-D3E0-417C-9053-4B8A73991A9D}"
EndProject
Project("{9A19103F-16F7-4668-BE54-9A1E7A4F7556}") = "OnSale.Web", "OnSale.Web\OnSale.Web.csproj", "{341539A9-71F2-497C-9DAC-372055CEED58}"
EndProject
Project("{9A19103F-16F7-4668-BE54-9A1E7A4F7556}") = "OnSale.Api", "OnSale.Api\OnSale.Api.csproj", "{F52C9DAA-B067-4A87-9DEA-4AA832EEFA17}"
EndProject
Project("{FAE04EC0-301F-11D3-BF4B-00C04F79EFBC}") = "OnSale.Prism", "OnSale.Prism\OnSale.Prism\OnSale.Prism.csproj", "{02694785-1A7C-435F-82F0-F29934F6E037}"
EndProject
Project("{FAE04EC0-301F-11D3-BF4B-00C04F79EFBC}") = "OnSale.Prism.Android", "OnSale.Prism\OnSale.Prism.Android\OnSale.Prism.Android.csproj", "{99ADDEBB-E4CF-40B6-A691-78BA3092746E}"
EndProject
Project("{FAE04EC0-301F-11D3-BF4B-00C04F79EFBC}") = "OnSale.Prism.iOS", "OnSale.Prism\OnSale.Prism.iOS\OnSale.Prism.iOS.csproj", "{5B742810-7C65-483F-BC05-D592B392477A}"
EndProject
Global
	GlobalSection(SolutionConfigurationPlatforms) = preSolution
		Ad-Hoc|Any CPU = Ad-Hoc|Any CPU
		Ad-Hoc|iPhone = Ad-Hoc|iPhone
		Ad-Hoc|iPhoneSimulator = Ad-Hoc|iPhoneSimulator
		AppStore|Any CPU = AppStore|Any CPU
		AppStore|iPhone = AppStore|iPhone
		AppStore|iPhoneSimulator = AppStore|iPhoneSimulator
		Debug|Any CPU = Debug|Any CPU
		Debug|iPhone = Debug|iPhone
		Debug|iPhoneSimulator = Debug|iPhoneSimulator
		Release|Any CPU = Release|Any CPU
		Release|iPhone = Release|iPhone
		Release|iPhoneSimulator = Release|iPhoneSimulator
	EndGlobalSection
	GlobalSection(ProjectConfigurationPlatforms) = postSolution
		{E294B492-EC8D-4A04-A3A4-46109A82D7B6}.Ad-Hoc|Any CPU.ActiveCfg = Release|Any CPU
		{E294B492-EC8D-4A04-A3A4-46109A82D7B6}.Ad-Hoc|Any CPU.Build.0 = Release|Any CPU
		{E294B492-EC8D-4A04-A3A4-46109A82D7B6}.Ad-Hoc|iPhone.ActiveCfg = Release|Any CPU
		{E294B492-EC8D-4A04-A3A4-46109A82D7B6}.Ad-Hoc|iPhone.Build.0 = Release|Any CPU
		{E294B492-EC8D-4A04-A3A4-46109A82D7B6}.Ad-Hoc|iPhoneSimulator.ActiveCfg = Release|Any CPU
		{E294B492-EC8D-4A04-A3A4-46109A82D7B6}.Ad-Hoc|iPhoneSimulator.Build.0 = Release|Any CPU
		{E294B492-EC8D-4A04-A3A4-46109A82D7B6}.AppStore|Any CPU.ActiveCfg = Release|Any CPU
		{E294B492-EC8D-4A04-A3A4-46109A82D7B6}.AppStore|Any CPU.Build.0 = Release|Any CPU
		{E294B492-EC8D-4A04-A3A4-46109A82D7B6}.AppStore|iPhone.ActiveCfg = Release|Any CPU
		{E294B492-EC8D-4A04-A3A4-46109A82D7B6}.AppStore|iPhone.Build.0 = Release|Any CPU
		{E294B492-EC8D-4A04-A3A4-46109A82D7B6}.AppStore|iPhoneSimulator.ActiveCfg = Release|Any CPU
		{E294B492-EC8D-4A04-A3A4-46109A82D7B6}.AppStore|iPhoneSimulator.Build.0 = Release|Any CPU
		{E294B492-EC8D-4A04-A3A4-46109A82D7B6}.Debug|Any CPU.ActiveCfg = Debug|Any CPU
		{E294B492-EC8D-4A04-A3A4-46109A82D7B6}.Debug|Any CPU.Build.0 = Debug|Any CPU
		{E294B492-EC8D-4A04-A3A4-46109A82D7B6}.Debug|iPhone.ActiveCfg = Debug|Any CPU
		{E294B492-EC8D-4A04-A3A4-46109A82D7B6}.Debug|iPhone.Build.0 = Debug|Any CPU
		{E294B492-EC8D-4A04-A3A4-46109A82D7B6}.Debug|iPhoneSimulator.ActiveCfg = Debug|Any CPU
		{E294B492-EC8D-4A04-A3A4-46109A82D7B6}.Debug|iPhoneSimulator.Build.0 = Debug|Any CPU
		{E294B492-EC8D-4A04-A3A4-46109A82D7B6}.Release|Any CPU.ActiveCfg = Release|Any CPU
		{E294B492-EC8D-4A04-A3A4-46109A82D7B6}.Release|Any CPU.Build.0 = Release|Any CPU
		{E294B492-EC8D-4A04-A3A4-46109A82D7B6}.Release|iPhone.ActiveCfg = Release|Any CPU
		{E294B492-EC8D-4A04-A3A4-46109A82D7B6}.Release|iPhone.Build.0 = Release|Any CPU
		{E294B492-EC8D-4A04-A3A4-46109A82D7B6}.Release|iPhoneSimulator.ActiveCfg = Release|Any CPU
		{E294B492-EC8D-4A04-A3A4-46109A82D7B6}.Release|iPhoneSimulator.Build.0 = Release|Any CPU
		{512FE797-D57B-422B-AE97-B77337428A3A}.Ad-Hoc|Any CPU.ActiveCfg = Release|Any CPU
		{512FE797-D57B-422B-AE97-B77337428A3A}.Ad-Hoc|Any CPU.Build.0 = Release|Any CPU
		{512FE797-D57B-422B-AE97-B77337428A3A}.Ad-Hoc|iPhone.ActiveCfg = Release|Any CPU
		{512FE797-D57B-422B-AE97-B77337428A3A}.Ad-Hoc|iPhone.Build.0 = Release|Any CPU
		{512FE797-D57B-422B-AE97-B77337428A3A}.Ad-Hoc|iPhoneSimulator.ActiveCfg = Release|Any CPU
		{512FE797-D57B-422B-AE97-B77337428A3A}.Ad-Hoc|iPhoneSimulator.Build.0 = Release|Any CPU
		{512FE797-D57B-422B-AE97-B77337428A3A}.AppStore|Any CPU.ActiveCfg = Release|Any CPU
		{512FE797-D57B-422B-AE97-B77337428A3A}.AppStore|Any CPU.Build.0 = Release|Any CPU
		{512FE797-D57B-422B-AE97-B77337428A3A}.AppStore|iPhone.ActiveCfg = Release|Any CPU
		{512FE797-D57B-422B-AE97-B77337428A3A}.AppStore|iPhone.Build.0 = Release|Any CPU
		{512FE797-D57B-422B-AE97-B77337428A3A}.AppStore|iPhoneSimulator.ActiveCfg = Release|Any CPU
		{512FE797-D57B-422B-AE97-B77337428A3A}.AppStore|iPhoneSimulator.Build.0 = Release|Any CPU
		{512FE797-D57B-422B-AE97-B77337428A3A}.Debug|Any CPU.ActiveCfg = Debug|Any CPU
		{512FE797-D57B-422B-AE97-B77337428A3A}.Debug|Any CPU.Build.0 = Debug|Any CPU
		{512FE797-D57B-422B-AE97-B77337428A3A}.Debug|iPhone.ActiveCfg = Debug|Any CPU
		{512FE797-D57B-422B-AE97-B77337428A3A}.Debug|iPhone.Build.0 = Debug|Any CPU
		{512FE797-D57B-422B-AE97-B77337428A3A}.Debug|iPhoneSimulator.ActiveCfg = Debug|Any CPU
		{512FE797-D57B-422B-AE97-B77337428A3A}.Debug|iPhoneSimulator.Build.0 = Debug|Any CPU
		{512FE797-D57B-422B-AE97-B77337428A3A}.Release|Any CPU.ActiveCfg = Release|Any CPU
		{512FE797-D57B-422B-AE97-B77337428A3A}.Release|Any CPU.Build.0 = Release|Any CPU
		{512FE797-D57B-422B-AE97-B77337428A3A}.Release|iPhone.ActiveCfg = Release|Any CPU
		{512FE797-D57B-422B-AE97-B77337428A3A}.Release|iPhone.Build.0 = Release|Any CPU
		{512FE797-D57B-422B-AE97-B77337428A3A}.Release|iPhoneSimulator.ActiveCfg = Release|Any CPU
		{512FE797-D57B-422B-AE97-B77337428A3A}.Release|iPhoneSimulator.Build.0 = Release|Any CPU
		{97D1D4A1-D3E0-417C-9053-4B8A73991A9D}.Ad-Hoc|Any CPU.ActiveCfg = Release|Any CPU
		{97D1D4A1-D3E0-417C-9053-4B8A73991A9D}.Ad-Hoc|Any CPU.Build.0 = Release|Any CPU
		{97D1D4A1-D3E0-417C-9053-4B8A73991A9D}.Ad-Hoc|iPhone.ActiveCfg = Release|Any CPU
		{97D1D4A1-D3E0-417C-9053-4B8A73991A9D}.Ad-Hoc|iPhone.Build.0 = Release|Any CPU
		{97D1D4A1-D3E0-417C-9053-4B8A73991A9D}.Ad-Hoc|iPhoneSimulator.ActiveCfg = Release|Any CPU
		{97D1D4A1-D3E0-417C-9053-4B8A73991A9D}.Ad-Hoc|iPhoneSimulator.Build.0 = Release|Any CPU
		{97D1D4A1-D3E0-417C-9053-4B8A73991A9D}.AppStore|Any CPU.ActiveCfg = Release|Any CPU
		{97D1D4A1-D3E0-417C-9053-4B8A73991A9D}.AppStore|Any CPU.Build.0 = Release|Any CPU
		{97D1D4A1-D3E0-417C-9053-4B8A73991A9D}.AppStore|iPhone.ActiveCfg = Release|Any CPU
		{97D1D4A1-D3E0-417C-9053-4B8A73991A9D}.AppStore|iPhone.Build.0 = Release|Any CPU
		{97D1D4A1-D3E0-417C-9053-4B8A73991A9D}.AppStore|iPhoneSimulator.ActiveCfg = Release|Any CPU
		{97D1D4A1-D3E0-417C-9053-4B8A73991A9D}.AppStore|iPhoneSimulator.Build.0 = Release|Any CPU
		{97D1D4A1-D3E0-417C-9053-4B8A73991A9D}.Debug|Any CPU.ActiveCfg = Debug|Any CPU
		{97D1D4A1-D3E0-417C-9053-4B8A73991A9D}.Debug|Any CPU.Build.0 = Debug|Any CPU
		{97D1D4A1-D3E0-417C-9053-4B8A73991A9D}.Debug|iPhone.ActiveCfg = Debug|Any CPU
		{97D1D4A1-D3E0-417C-9053-4B8A73991A9D}.Debug|iPhone.Build.0 = Debug|Any CPU
		{97D1D4A1-D3E0-417C-9053-4B8A73991A9D}.Debug|iPhoneSimulator.ActiveCfg = Debug|Any CPU
		{97D1D4A1-D3E0-417C-9053-4B8A73991A9D}.Debug|iPhoneSimulator.Build.0 = Debug|Any CPU
		{97D1D4A1-D3E0-417C-9053-4B8A73991A9D}.Release|Any CPU.ActiveCfg = Release|Any CPU
		{97D1D4A1-D3E0-417C-9053-4B8A73991A9D}.Release|Any CPU.Build.0 = Release|Any CPU
		{97D1D4A1-D3E0-417C-9053-4B8A73991A9D}.Release|iPhone.ActiveCfg = Release|Any CPU
		{97D1D4A1-D3E0-417C-9053-4B8A73991A9D}.Release|iPhone.Build.0 = Release|Any CPU
		{97D1D4A1-D3E0-417C-9053-4B8A73991A9D}.Release|iPhoneSimulator.ActiveCfg = Release|Any CPU
		{97D1D4A1-D3E0-417C-9053-4B8A73991A9D}.Release|iPhoneSimulator.Build.0 = Release|Any CPU
		{341539A9-71F2-497C-9DAC-372055CEED58}.Ad-Hoc|Any CPU.ActiveCfg = Release|Any CPU
		{341539A9-71F2-497C-9DAC-372055CEED58}.Ad-Hoc|Any CPU.Build.0 = Release|Any CPU
		{341539A9-71F2-497C-9DAC-372055CEED58}.Ad-Hoc|iPhone.ActiveCfg = Release|Any CPU
		{341539A9-71F2-497C-9DAC-372055CEED58}.Ad-Hoc|iPhone.Build.0 = Release|Any CPU
		{341539A9-71F2-497C-9DAC-372055CEED58}.Ad-Hoc|iPhoneSimulator.ActiveCfg = Release|Any CPU
		{341539A9-71F2-497C-9DAC-372055CEED58}.Ad-Hoc|iPhoneSimulator.Build.0 = Release|Any CPU
		{341539A9-71F2-497C-9DAC-372055CEED58}.AppStore|Any CPU.ActiveCfg = Release|Any CPU
		{341539A9-71F2-497C-9DAC-372055CEED58}.AppStore|Any CPU.Build.0 = Release|Any CPU
		{341539A9-71F2-497C-9DAC-372055CEED58}.AppStore|iPhone.ActiveCfg = Release|Any CPU
		{341539A9-71F2-497C-9DAC-372055CEED58}.AppStore|iPhone.Build.0 = Release|Any CPU
		{341539A9-71F2-497C-9DAC-372055CEED58}.AppStore|iPhoneSimulator.ActiveCfg = Release|Any CPU
		{341539A9-71F2-497C-9DAC-372055CEED58}.AppStore|iPhoneSimulator.Build.0 = Release|Any CPU
		{341539A9-71F2-497C-9DAC-372055CEED58}.Debug|Any CPU.ActiveCfg = Debug|Any CPU
		{341539A9-71F2-497C-9DAC-372055CEED58}.Debug|Any CPU.Build.0 = Debug|Any CPU
		{341539A9-71F2-497C-9DAC-372055CEED58}.Debug|iPhone.ActiveCfg = Debug|Any CPU
		{341539A9-71F2-497C-9DAC-372055CEED58}.Debug|iPhone.Build.0 = Debug|Any CPU
		{341539A9-71F2-497C-9DAC-372055CEED58}.Debug|iPhoneSimulator.ActiveCfg = Debug|Any CPU
		{341539A9-71F2-497C-9DAC-372055CEED58}.Debug|iPhoneSimulator.Build.0 = Debug|Any CPU
		{341539A9-71F2-497C-9DAC-372055CEED58}.Release|Any CPU.ActiveCfg = Release|Any CPU
		{341539A9-71F2-497C-9DAC-372055CEED58}.Release|Any CPU.Build.0 = Release|Any CPU
		{341539A9-71F2-497C-9DAC-372055CEED58}.Release|iPhone.ActiveCfg = Release|Any CPU
		{341539A9-71F2-497C-9DAC-372055CEED58}.Release|iPhone.Build.0 = Release|Any CPU
		{341539A9-71F2-497C-9DAC-372055CEED58}.Release|iPhoneSimulator.ActiveCfg = Release|Any CPU
		{341539A9-71F2-497C-9DAC-372055CEED58}.Release|iPhoneSimulator.Build.0 = Release|Any CPU
		{F52C9DAA-B067-4A87-9DEA-4AA832EEFA17}.Ad-Hoc|Any CPU.ActiveCfg = Release|Any CPU
		{F52C9DAA-B067-4A87-9DEA-4AA832EEFA17}.Ad-Hoc|Any CPU.Build.0 = Release|Any CPU
		{F52C9DAA-B067-4A87-9DEA-4AA832EEFA17}.Ad-Hoc|iPhone.ActiveCfg = Release|Any CPU
		{F52C9DAA-B067-4A87-9DEA-4AA832EEFA17}.Ad-Hoc|iPhone.Build.0 = Release|Any CPU
		{F52C9DAA-B067-4A87-9DEA-4AA832EEFA17}.Ad-Hoc|iPhoneSimulator.ActiveCfg = Release|Any CPU
		{F52C9DAA-B067-4A87-9DEA-4AA832EEFA17}.Ad-Hoc|iPhoneSimulator.Build.0 = Release|Any CPU
		{F52C9DAA-B067-4A87-9DEA-4AA832EEFA17}.AppStore|Any CPU.ActiveCfg = Release|Any CPU
		{F52C9DAA-B067-4A87-9DEA-4AA832EEFA17}.AppStore|Any CPU.Build.0 = Release|Any CPU
		{F52C9DAA-B067-4A87-9DEA-4AA832EEFA17}.AppStore|iPhone.ActiveCfg = Release|Any CPU
		{F52C9DAA-B067-4A87-9DEA-4AA832EEFA17}.AppStore|iPhone.Build.0 = Release|Any CPU
		{F52C9DAA-B067-4A87-9DEA-4AA832EEFA17}.AppStore|iPhoneSimulator.ActiveCfg = Release|Any CPU
		{F52C9DAA-B067-4A87-9DEA-4AA832EEFA17}.AppStore|iPhoneSimulator.Build.0 = Release|Any CPU
		{F52C9DAA-B067-4A87-9DEA-4AA832EEFA17}.Debug|Any CPU.ActiveCfg = Debug|Any CPU
		{F52C9DAA-B067-4A87-9DEA-4AA832EEFA17}.Debug|Any CPU.Build.0 = Debug|Any CPU
		{F52C9DAA-B067-4A87-9DEA-4AA832EEFA17}.Debug|iPhone.ActiveCfg = Debug|Any CPU
		{F52C9DAA-B067-4A87-9DEA-4AA832EEFA17}.Debug|iPhone.Build.0 = Debug|Any CPU
		{F52C9DAA-B067-4A87-9DEA-4AA832EEFA17}.Debug|iPhoneSimulator.ActiveCfg = Debug|Any CPU
		{F52C9DAA-B067-4A87-9DEA-4AA832EEFA17}.Debug|iPhoneSimulator.Build.0 = Debug|Any CPU
		{F52C9DAA-B067-4A87-9DEA-4AA832EEFA17}.Release|Any CPU.ActiveCfg = Release|Any CPU
		{F52C9DAA-B067-4A87-9DEA-4AA832EEFA17}.Release|Any CPU.Build.0 = Release|Any CPU
		{F52C9DAA-B067-4A87-9DEA-4AA832EEFA17}.Release|iPhone.ActiveCfg = Release|Any CPU
		{F52C9DAA-B067-4A87-9DEA-4AA832EEFA17}.Release|iPhone.Build.0 = Release|Any CPU
		{F52C9DAA-B067-4A87-9DEA-4AA832EEFA17}.Release|iPhoneSimulator.ActiveCfg = Release|Any CPU
		{F52C9DAA-B067-4A87-9DEA-4AA832EEFA17}.Release|iPhoneSimulator.Build.0 = Release|Any CPU
		{02694785-1A7C-435F-82F0-F29934F6E037}.Ad-Hoc|Any CPU.ActiveCfg = Debug|Any CPU
		{02694785-1A7C-435F-82F0-F29934F6E037}.Ad-Hoc|Any CPU.Build.0 = Debug|Any CPU
		{02694785-1A7C-435F-82F0-F29934F6E037}.Ad-Hoc|iPhone.ActiveCfg = Debug|Any CPU
		{02694785-1A7C-435F-82F0-F29934F6E037}.Ad-Hoc|iPhone.Build.0 = Debug|Any CPU
		{02694785-1A7C-435F-82F0-F29934F6E037}.Ad-Hoc|iPhoneSimulator.ActiveCfg = Debug|Any CPU
		{02694785-1A7C-435F-82F0-F29934F6E037}.Ad-Hoc|iPhoneSimulator.Build.0 = Debug|Any CPU
		{02694785-1A7C-435F-82F0-F29934F6E037}.AppStore|Any CPU.ActiveCfg = Debug|Any CPU
		{02694785-1A7C-435F-82F0-F29934F6E037}.AppStore|Any CPU.Build.0 = Debug|Any CPU
		{02694785-1A7C-435F-82F0-F29934F6E037}.AppStore|iPhone.ActiveCfg = Debug|Any CPU
		{02694785-1A7C-435F-82F0-F29934F6E037}.AppStore|iPhone.Build.0 = Debug|Any CPU
		{02694785-1A7C-435F-82F0-F29934F6E037}.AppStore|iPhoneSimulator.ActiveCfg = Debug|Any CPU
		{02694785-1A7C-435F-82F0-F29934F6E037}.AppStore|iPhoneSimulator.Build.0 = Debug|Any CPU
		{02694785-1A7C-435F-82F0-F29934F6E037}.Debug|Any CPU.ActiveCfg = Debug|Any CPU
		{02694785-1A7C-435F-82F0-F29934F6E037}.Debug|Any CPU.Build.0 = Debug|Any CPU
		{02694785-1A7C-435F-82F0-F29934F6E037}.Debug|iPhone.ActiveCfg = Debug|Any CPU
		{02694785-1A7C-435F-82F0-F29934F6E037}.Debug|iPhone.Build.0 = Debug|Any CPU
		{02694785-1A7C-435F-82F0-F29934F6E037}.Debug|iPhoneSimulator.ActiveCfg = Debug|Any CPU
		{02694785-1A7C-435F-82F0-F29934F6E037}.Debug|iPhoneSimulator.Build.0 = Debug|Any CPU
		{02694785-1A7C-435F-82F0-F29934F6E037}.Release|Any CPU.ActiveCfg = Release|Any CPU
		{02694785-1A7C-435F-82F0-F29934F6E037}.Release|Any CPU.Build.0 = Release|Any CPU
		{02694785-1A7C-435F-82F0-F29934F6E037}.Release|iPhone.ActiveCfg = Release|Any CPU
		{02694785-1A7C-435F-82F0-F29934F6E037}.Release|iPhone.Build.0 = Release|Any CPU
		{02694785-1A7C-435F-82F0-F29934F6E037}.Release|iPhoneSimulator.ActiveCfg = Release|Any CPU
		{02694785-1A7C-435F-82F0-F29934F6E037}.Release|iPhoneSimulator.Build.0 = Release|Any CPU
		{99ADDEBB-E4CF-40B6-A691-78BA3092746E}.Ad-Hoc|Any CPU.ActiveCfg = Release|Any CPU
		{99ADDEBB-E4CF-40B6-A691-78BA3092746E}.Ad-Hoc|Any CPU.Build.0 = Release|Any CPU
		{99ADDEBB-E4CF-40B6-A691-78BA3092746E}.Ad-Hoc|Any CPU.Deploy.0 = Release|Any CPU
		{99ADDEBB-E4CF-40B6-A691-78BA3092746E}.Ad-Hoc|iPhone.ActiveCfg = Release|Any CPU
		{99ADDEBB-E4CF-40B6-A691-78BA3092746E}.Ad-Hoc|iPhone.Build.0 = Release|Any CPU
		{99ADDEBB-E4CF-40B6-A691-78BA3092746E}.Ad-Hoc|iPhone.Deploy.0 = Release|Any CPU
		{99ADDEBB-E4CF-40B6-A691-78BA3092746E}.Ad-Hoc|iPhoneSimulator.ActiveCfg = Release|Any CPU
		{99ADDEBB-E4CF-40B6-A691-78BA3092746E}.Ad-Hoc|iPhoneSimulator.Build.0 = Release|Any CPU
		{99ADDEBB-E4CF-40B6-A691-78BA3092746E}.Ad-Hoc|iPhoneSimulator.Deploy.0 = Release|Any CPU
		{99ADDEBB-E4CF-40B6-A691-78BA3092746E}.AppStore|Any CPU.ActiveCfg = Release|Any CPU
		{99ADDEBB-E4CF-40B6-A691-78BA3092746E}.AppStore|Any CPU.Build.0 = Release|Any CPU
		{99ADDEBB-E4CF-40B6-A691-78BA3092746E}.AppStore|Any CPU.Deploy.0 = Release|Any CPU
		{99ADDEBB-E4CF-40B6-A691-78BA3092746E}.AppStore|iPhone.ActiveCfg = Release|Any CPU
		{99ADDEBB-E4CF-40B6-A691-78BA3092746E}.AppStore|iPhone.Build.0 = Release|Any CPU
		{99ADDEBB-E4CF-40B6-A691-78BA3092746E}.AppStore|iPhone.Deploy.0 = Release|Any CPU
		{99ADDEBB-E4CF-40B6-A691-78BA3092746E}.AppStore|iPhoneSimulator.ActiveCfg = Release|Any CPU
		{99ADDEBB-E4CF-40B6-A691-78BA3092746E}.AppStore|iPhoneSimulator.Build.0 = Release|Any CPU
		{99ADDEBB-E4CF-40B6-A691-78BA3092746E}.AppStore|iPhoneSimulator.Deploy.0 = Release|Any CPU
		{99ADDEBB-E4CF-40B6-A691-78BA3092746E}.Debug|Any CPU.ActiveCfg = Debug|Any CPU
		{99ADDEBB-E4CF-40B6-A691-78BA3092746E}.Debug|Any CPU.Build.0 = Debug|Any CPU
		{99ADDEBB-E4CF-40B6-A691-78BA3092746E}.Debug|Any CPU.Deploy.0 = Debug|Any CPU
		{99ADDEBB-E4CF-40B6-A691-78BA3092746E}.Debug|iPhone.ActiveCfg = Debug|Any CPU
		{99ADDEBB-E4CF-40B6-A691-78BA3092746E}.Debug|iPhone.Build.0 = Debug|Any CPU
		{99ADDEBB-E4CF-40B6-A691-78BA3092746E}.Debug|iPhone.Deploy.0 = Debug|Any CPU
		{99ADDEBB-E4CF-40B6-A691-78BA3092746E}.Debug|iPhoneSimulator.ActiveCfg = Debug|Any CPU
		{99ADDEBB-E4CF-40B6-A691-78BA3092746E}.Debug|iPhoneSimulator.Build.0 = Debug|Any CPU
		{99ADDEBB-E4CF-40B6-A691-78BA3092746E}.Debug|iPhoneSimulator.Deploy.0 = Debug|Any CPU
		{99ADDEBB-E4CF-40B6-A691-78BA3092746E}.Release|Any CPU.ActiveCfg = Release|Any CPU
		{99ADDEBB-E4CF-40B6-A691-78BA3092746E}.Release|Any CPU.Build.0 = Release|Any CPU
		{99ADDEBB-E4CF-40B6-A691-78BA3092746E}.Release|Any CPU.Deploy.0 = Release|Any CPU
		{99ADDEBB-E4CF-40B6-A691-78BA3092746E}.Release|iPhone.ActiveCfg = Release|Any CPU
		{99ADDEBB-E4CF-40B6-A691-78BA3092746E}.Release|iPhone.Build.0 = Release|Any CPU
		{99ADDEBB-E4CF-40B6-A691-78BA3092746E}.Release|iPhone.Deploy.0 = Release|Any CPU
		{99ADDEBB-E4CF-40B6-A691-78BA3092746E}.Release|iPhoneSimulator.ActiveCfg = Release|Any CPU
		{99ADDEBB-E4CF-40B6-A691-78BA3092746E}.Release|iPhoneSimulator.Build.0 = Release|Any CPU
		{99ADDEBB-E4CF-40B6-A691-78BA3092746E}.Release|iPhoneSimulator.Deploy.0 = Release|Any CPU
		{5B742810-7C65-483F-BC05-D592B392477A}.Ad-Hoc|Any CPU.ActiveCfg = Ad-Hoc|iPhone
		{5B742810-7C65-483F-BC05-D592B392477A}.Ad-Hoc|iPhone.ActiveCfg = Ad-Hoc|iPhone
		{5B742810-7C65-483F-BC05-D592B392477A}.Ad-Hoc|iPhone.Build.0 = Ad-Hoc|iPhone
		{5B742810-7C65-483F-BC05-D592B392477A}.Ad-Hoc|iPhoneSimulator.ActiveCfg = Ad-Hoc|iPhoneSimulator
		{5B742810-7C65-483F-BC05-D592B392477A}.Ad-Hoc|iPhoneSimulator.Build.0 = Ad-Hoc|iPhoneSimulator
		{5B742810-7C65-483F-BC05-D592B392477A}.AppStore|Any CPU.ActiveCfg = AppStore|iPhone
		{5B742810-7C65-483F-BC05-D592B392477A}.AppStore|iPhone.ActiveCfg = AppStore|iPhone
		{5B742810-7C65-483F-BC05-D592B392477A}.AppStore|iPhone.Build.0 = AppStore|iPhone
		{5B742810-7C65-483F-BC05-D592B392477A}.AppStore|iPhoneSimulator.ActiveCfg = AppStore|iPhoneSimulator
		{5B742810-7C65-483F-BC05-D592B392477A}.AppStore|iPhoneSimulator.Build.0 = AppStore|iPhoneSimulator
		{5B742810-7C65-483F-BC05-D592B392477A}.Debug|Any CPU.ActiveCfg = Debug|iPhone
		{5B742810-7C65-483F-BC05-D592B392477A}.Debug|iPhone.ActiveCfg = Debug|iPhone
		{5B742810-7C65-483F-BC05-D592B392477A}.Debug|iPhone.Build.0 = Debug|iPhone
		{5B742810-7C65-483F-BC05-D592B392477A}.Debug|iPhoneSimulator.ActiveCfg = Debug|iPhoneSimulator
		{5B742810-7C65-483F-BC05-D592B392477A}.Debug|iPhoneSimulator.Build.0 = Debug|iPhoneSimulator
		{5B742810-7C65-483F-BC05-D592B392477A}.Release|Any CPU.ActiveCfg = Release|iPhone
		{5B742810-7C65-483F-BC05-D592B392477A}.Release|iPhone.ActiveCfg = Release|iPhone
		{5B742810-7C65-483F-BC05-D592B392477A}.Release|iPhone.Build.0 = Release|iPhone
		{5B742810-7C65-483F-BC05-D592B392477A}.Release|iPhoneSimulator.ActiveCfg = Release|iPhoneSimulator
		{5B742810-7C65-483F-BC05-D592B392477A}.Release|iPhoneSimulator.Build.0 = Release|iPhoneSimulator
	EndGlobalSection
	GlobalSection(SolutionProperties) = preSolution
		HideSolutionNode = FALSE
	EndGlobalSection
	GlobalSection(NestedProjects) = preSolution
		{E294B492-EC8D-4A04-A3A4-46109A82D7B6} = {2E03C743-FBBA-40F2-AD34-B137014D95C8}
		{512FE797-D57B-422B-AE97-B77337428A3A} = {2E03C743-FBBA-40F2-AD34-B137014D95C8}
		{97D1D4A1-D3E0-417C-9053-4B8A73991A9D} = {2E03C743-FBBA-40F2-AD34-B137014D95C8}
		{341539A9-71F2-497C-9DAC-372055CEED58} = {2E03C743-FBBA-40F2-AD34-B137014D95C8}
		{F52C9DAA-B067-4A87-9DEA-4AA832EEFA17} = {2E03C743-FBBA-40F2-AD34-B137014D95C8}
		{02694785-1A7C-435F-82F0-F29934F6E037} = {2E03C743-FBBA-40F2-AD34-B137014D95C8}
		{99ADDEBB-E4CF-40B6-A691-78BA3092746E} = {2E03C743-FBBA-40F2-AD34-B137014D95C8}
		{5B742810-7C65-483F-BC05-D592B392477A} = {2E03C743-FBBA-40F2-AD34-B137014D95C8}
	EndGlobalSection
	GlobalSection(ExtensibilityGlobals) = postSolution
		SolutionGuid = {8392822D-CAA8-4E8B-A53C-AD36479ACDB9}
	EndGlobalSection
EndGlobal
