
Microsoft Visual Studio Solution File, Format Version 12.00
# Visual Studio Version 16
VisualStudioVersion = 16.0.30330.147
MinimumVisualStudioVersion = 10.0.40219.1
Project("{9A19103F-16F7-4668-BE54-9A1E7A4F7556}") = "OnSale.Common", "OnSale.Common\OnSale.Common.csproj", "{E294B492-EC8D-4A04-A3A4-46109A82D7B6}"
EndProject
Project("{2150E333-8FDC-42A3-9474-1A3956D46DE8}") = "src", "src", "{2E03C743-FBBA-40F2-AD34-B137014D95C8}"
EndProject
Project("{9A19103F-16F7-4668-BE54-9A1E7A4F7556}") = "OnSale.Model", "OnSale.Model\OnSale.Model.csproj", "{512FE797-D57B-422B-AE97-B77337428A3A}"
EndProject
Project("{9A19103F-16F7-4668-BE54-9A1E7A4F7556}") = "OnSale.Server", "OnSale.Server\OnSale.Server.csproj", "{97D1D4A1-D3E0-417C-9053-4B8A73991A9D}"
EndProject
Project("{9A19103F-16F7-4668-BE54-9A1E7A4F7556}") = "OnSale.Web", "OnSale.Web\OnSale.Web.csproj", "{341539A9-71F2-497C-9DAC-372055CEED58}"
EndProject
Project("{9A19103F-16F7-4668-BE54-9A1E7A4F7556}") = "OnSale.Api", "OnSale.Api\OnSale.Api.csproj", "{F52C9DAA-B067-4A87-9DEA-4AA832EEFA17}"
EndProject
Project("{2150E333-8FDC-42A3-9474-1A3956D46DE8}") = "Test", "Test", "{9AA94350-DA31-4251-A1DC-9D0488758068}"
EndProject
Project("{9A19103F-16F7-4668-BE54-9A1E7A4F7556}") = "Onsale.Test", "Onsale.Test\Onsale.Test.csproj", "{663304F0-A74E-450E-A391-A96F326EB310}"
EndProject
Project("{2150E333-8FDC-42A3-9474-1A3956D46DE8}") = "Solution Items", "Solution Items", "{BE6C1B00-C705-40E6-A61E-38A262BBD305}"
	ProjectSection(SolutionItems) = preProject
		.editorconfig = .editorconfig
	EndProjectSection
EndProject
Global
	GlobalSection(SolutionConfigurationPlatforms) = preSolution
		Debug|Any CPU = Debug|Any CPU
		Release|Any CPU = Release|Any CPU
	EndGlobalSection
	GlobalSection(ProjectConfigurationPlatforms) = postSolution
		{E294B492-EC8D-4A04-A3A4-46109A82D7B6}.Debug|Any CPU.ActiveCfg = Debug|Any CPU
		{E294B492-EC8D-4A04-A3A4-46109A82D7B6}.Debug|Any CPU.Build.0 = Debug|Any CPU
		{E294B492-EC8D-4A04-A3A4-46109A82D7B6}.Release|Any CPU.ActiveCfg = Release|Any CPU
		{E294B492-EC8D-4A04-A3A4-46109A82D7B6}.Release|Any CPU.Build.0 = Release|Any CPU
		{512FE797-D57B-422B-AE97-B77337428A3A}.Debug|Any CPU.ActiveCfg = Debug|Any CPU
		{512FE797-D57B-422B-AE97-B77337428A3A}.Debug|Any CPU.Build.0 = Debug|Any CPU
		{512FE797-D57B-422B-AE97-B77337428A3A}.Release|Any CPU.ActiveCfg = Release|Any CPU
		{512FE797-D57B-422B-AE97-B77337428A3A}.Release|Any CPU.Build.0 = Release|Any CPU
		{97D1D4A1-D3E0-417C-9053-4B8A73991A9D}.Debug|Any CPU.ActiveCfg = Debug|Any CPU
		{97D1D4A1-D3E0-417C-9053-4B8A73991A9D}.Debug|Any CPU.Build.0 = Debug|Any CPU
		{97D1D4A1-D3E0-417C-9053-4B8A73991A9D}.Release|Any CPU.ActiveCfg = Release|Any CPU
		{97D1D4A1-D3E0-417C-9053-4B8A73991A9D}.Release|Any CPU.Build.0 = Release|Any CPU
		{341539A9-71F2-497C-9DAC-372055CEED58}.Debug|Any CPU.ActiveCfg = Debug|Any CPU
		{341539A9-71F2-497C-9DAC-372055CEED58}.Debug|Any CPU.Build.0 = Debug|Any CPU
		{341539A9-71F2-497C-9DAC-372055CEED58}.Release|Any CPU.ActiveCfg = Release|Any CPU
		{341539A9-71F2-497C-9DAC-372055CEED58}.Release|Any CPU.Build.0 = Release|Any CPU
		{F52C9DAA-B067-4A87-9DEA-4AA832EEFA17}.Debug|Any CPU.ActiveCfg = Debug|Any CPU
		{F52C9DAA-B067-4A87-9DEA-4AA832EEFA17}.Debug|Any CPU.Build.0 = Debug|Any CPU
		{F52C9DAA-B067-4A87-9DEA-4AA832EEFA17}.Release|Any CPU.ActiveCfg = Release|Any CPU
		{F52C9DAA-B067-4A87-9DEA-4AA832EEFA17}.Release|Any CPU.Build.0 = Release|Any CPU
		{663304F0-A74E-450E-A391-A96F326EB310}.Debug|Any CPU.ActiveCfg = Debug|Any CPU
		{663304F0-A74E-450E-A391-A96F326EB310}.Debug|Any CPU.Build.0 = Debug|Any CPU
		{663304F0-A74E-450E-A391-A96F326EB310}.Release|Any CPU.ActiveCfg = Release|Any CPU
		{663304F0-A74E-450E-A391-A96F326EB310}.Release|Any CPU.Build.0 = Release|Any CPU
	EndGlobalSection
	GlobalSection(SolutionProperties) = preSolution
		HideSolutionNode = FALSE
	EndGlobalSection
	GlobalSection(NestedProjects) = preSolution
		{E294B492-EC8D-4A04-A3A4-46109A82D7B6} = {2E03C743-FBBA-40F2-AD34-B137014D95C8}
		{512FE797-D57B-422B-AE97-B77337428A3A} = {2E03C743-FBBA-40F2-AD34-B137014D95C8}
		{97D1D4A1-D3E0-417C-9053-4B8A73991A9D} = {2E03C743-FBBA-40F2-AD34-B137014D95C8}
		{341539A9-71F2-497C-9DAC-372055CEED58} = {2E03C743-FBBA-40F2-AD34-B137014D95C8}
		{F52C9DAA-B067-4A87-9DEA-4AA832EEFA17} = {2E03C743-FBBA-40F2-AD34-B137014D95C8}
		{663304F0-A74E-450E-A391-A96F326EB310} = {9AA94350-DA31-4251-A1DC-9D0488758068}
	EndGlobalSection
	GlobalSection(ExtensibilityGlobals) = postSolution
		SolutionGuid = {8392822D-CAA8-4E8B-A53C-AD36479ACDB9}
	EndGlobalSection
EndGlobal
